// !$*UTF8*$!
{
	archiveVersion = 1;
	classes = {
	};
	objectVersion = 56;
	objects = {

/* Begin PBXBuildFile section */
		DA6FE3592AB0EAB10016E376 /* _0231209_OusmaneIsmaelDiouf__NYCSchoolsApp.swift in Sources */ = {isa = PBXBuildFile; fileRef = DA6FE3582AB0EAB10016E376 /* _0231209_OusmaneIsmaelDiouf__NYCSchoolsApp.swift */; };
		DA6FE35B2AB0EAB10016E376 /* ContentView.swift in Sources */ = {isa = PBXBuildFile; fileRef = DA6FE35A2AB0EAB10016E376 /* ContentView.swift */; };
		DA6FE35D2AB0EAB50016E376 /* Assets.xcassets in Resources */ = {isa = PBXBuildFile; fileRef = DA6FE35C2AB0EAB50016E376 /* Assets.xcassets */; };
		DA6FE3602AB0EAB50016E376 /* Preview Assets.xcassets in Resources */ = {isa = PBXBuildFile; fileRef = DA6FE35F2AB0EAB50016E376 /* Preview Assets.xcassets */; };
		DA6FE36A2AB0EAB50016E376 /* _0231209_OusmaneIsmaelDiouf__NYCSchoolsTests.swift in Sources */ = {isa = PBXBuildFile; fileRef = DA6FE3692AB0EAB50016E376 /* _0231209_OusmaneIsmaelDiouf__NYCSchoolsTests.swift */; };
		DA6FE3742AB0EAB50016E376 /* _0231209_OusmaneIsmaelDiouf__NYCSchoolsUITests.swift in Sources */ = {isa = PBXBuildFile; fileRef = DA6FE3732AB0EAB50016E376 /* _0231209_OusmaneIsmaelDiouf__NYCSchoolsUITests.swift */; };
		DA6FE3762AB0EAB50016E376 /* _0231209_OusmaneIsmaelDiouf__NYCSchoolsUITestsLaunchTests.swift in Sources */ = {isa = PBXBuildFile; fileRef = DA6FE3752AB0EAB50016E376 /* _0231209_OusmaneIsmaelDiouf__NYCSchoolsUITestsLaunchTests.swift */; };
/* End PBXBuildFile section */

/* Begin PBXContainerItemProxy section */
		DA6FE3662AB0EAB50016E376 /* PBXContainerItemProxy */ = {
			isa = PBXContainerItemProxy;
			containerPortal = DA6FE34D2AB0EAB10016E376 /* Project object */;
			proxyType = 1;
			remoteGlobalIDString = DA6FE3542AB0EAB10016E376;
			remoteInfo = "20231209-OusmaneIsmaelDiouf- NYCSchools";
		};
		DA6FE3702AB0EAB50016E376 /* PBXContainerItemProxy */ = {
			isa = PBXContainerItemProxy;
			containerPortal = DA6FE34D2AB0EAB10016E376 /* Project object */;
			proxyType = 1;
			remoteGlobalIDString = DA6FE3542AB0EAB10016E376;
			remoteInfo = "20231209-OusmaneIsmaelDiouf- NYCSchools";
		};
/* End PBXContainerItemProxy section */

/* Begin PBXFileReference section */
		DA6FE3552AB0EAB10016E376 /* 20231209-OusmaneIsmaelDiouf- NYCSchools.app */ = {isa = PBXFileReference; explicitFileType = wrapper.application; includeInIndex = 0; path = "20231209-OusmaneIsmaelDiouf- NYCSchools.app"; sourceTree = BUILT_PRODUCTS_DIR; };
		DA6FE3582AB0EAB10016E376 /* _0231209_OusmaneIsmaelDiouf__NYCSchoolsApp.swift */ = {isa = PBXFileReference; lastKnownFileType = sourcecode.swift; path = _0231209_OusmaneIsmaelDiouf__NYCSchoolsApp.swift; sourceTree = "<group>"; };
		DA6FE35A2AB0EAB10016E376 /* ContentView.swift */ = {isa = PBXFileReference; lastKnownFileType = sourcecode.swift; path = ContentView.swift; sourceTree = "<group>"; };
		DA6FE35C2AB0EAB50016E376 /* Assets.xcassets */ = {isa = PBXFileReference; lastKnownFileType = folder.assetcatalog; path = Assets.xcassets; sourceTree = "<group>"; };
		DA6FE35F2AB0EAB50016E376 /* Preview Assets.xcassets */ = {isa = PBXFileReference; lastKnownFileType = folder.assetcatalog; path = "Preview Assets.xcassets"; sourceTree = "<group>"; };
		DA6FE3652AB0EAB50016E376 /* 20231209-OusmaneIsmaelDiouf- NYCSchoolsTests.xctest */ = {isa = PBXFileReference; explicitFileType = wrapper.cfbundle; includeInIndex = 0; path = "20231209-OusmaneIsmaelDiouf- NYCSchoolsTests.xctest"; sourceTree = BUILT_PRODUCTS_DIR; };
		DA6FE3692AB0EAB50016E376 /* _0231209_OusmaneIsmaelDiouf__NYCSchoolsTests.swift */ = {isa = PBXFileReference; lastKnownFileType = sourcecode.swift; path = _0231209_OusmaneIsmaelDiouf__NYCSchoolsTests.swift; sourceTree = "<group>"; };
		DA6FE36F2AB0EAB50016E376 /* 20231209-OusmaneIsmaelDiouf- NYCSchoolsUITests.xctest */ = {isa = PBXFileReference; explicitFileType = wrapper.cfbundle; includeInIndex = 0; path = "20231209-OusmaneIsmaelDiouf- NYCSchoolsUITests.xctest"; sourceTree = BUILT_PRODUCTS_DIR; };
		DA6FE3732AB0EAB50016E376 /* _0231209_OusmaneIsmaelDiouf__NYCSchoolsUITests.swift */ = {isa = PBXFileReference; lastKnownFileType = sourcecode.swift; path = _0231209_OusmaneIsmaelDiouf__NYCSchoolsUITests.swift; sourceTree = "<group>"; };
		DA6FE3752AB0EAB50016E376 /* _0231209_OusmaneIsmaelDiouf__NYCSchoolsUITestsLaunchTests.swift */ = {isa = PBXFileReference; lastKnownFileType = sourcecode.swift; path = _0231209_OusmaneIsmaelDiouf__NYCSchoolsUITestsLaunchTests.swift; sourceTree = "<group>"; };
/* End PBXFileReference section */

/* Begin PBXFrameworksBuildPhase section */
		DA6FE3522AB0EAB10016E376 /* Frameworks */ = {
			isa = PBXFrameworksBuildPhase;
			buildActionMask = 2147483647;
			files = (
			);
			runOnlyForDeploymentPostprocessing = 0;
		};
		DA6FE3622AB0EAB50016E376 /* Frameworks */ = {
			isa = PBXFrameworksBuildPhase;
			buildActionMask = 2147483647;
			files = (
			);
			runOnlyForDeploymentPostprocessing = 0;
		};
		DA6FE36C2AB0EAB50016E376 /* Frameworks */ = {
			isa = PBXFrameworksBuildPhase;
			buildActionMask = 2147483647;
			files = (
			);
			runOnlyForDeploymentPostprocessing = 0;
		};
/* End PBXFrameworksBuildPhase section */

/* Begin PBXGroup section */
		DA6FE34C2AB0EAB10016E376 = {
			isa = PBXGroup;
			children = (
				DA6FE3572AB0EAB10016E376 /* 20231209-OusmaneIsmaelDiouf- NYCSchools */,
				DA6FE3682AB0EAB50016E376 /* 20231209-OusmaneIsmaelDiouf- NYCSchoolsTests */,
				DA6FE3722AB0EAB50016E376 /* 20231209-OusmaneIsmaelDiouf- NYCSchoolsUITests */,
				DA6FE3562AB0EAB10016E376 /* Products */,
			);
			sourceTree = "<group>";
		};
		DA6FE3562AB0EAB10016E376 /* Products */ = {
			isa = PBXGroup;
			children = (
				DA6FE3552AB0EAB10016E376 /* 20231209-OusmaneIsmaelDiouf- NYCSchools.app */,
				DA6FE3652AB0EAB50016E376 /* 20231209-OusmaneIsmaelDiouf- NYCSchoolsTests.xctest */,
				DA6FE36F2AB0EAB50016E376 /* 20231209-OusmaneIsmaelDiouf- NYCSchoolsUITests.xctest */,
			);
			name = Products;
			sourceTree = "<group>";
		};
		DA6FE3572AB0EAB10016E376 /* 20231209-OusmaneIsmaelDiouf- NYCSchools */ = {
			isa = PBXGroup;
			children = (
				DA6FE3582AB0EAB10016E376 /* _0231209_OusmaneIsmaelDiouf__NYCSchoolsApp.swift */,
				DA6FE35A2AB0EAB10016E376 /* ContentView.swift */,
				DA6FE35C2AB0EAB50016E376 /* Assets.xcassets */,
				DA6FE35E2AB0EAB50016E376 /* Preview Content */,
			);
			path = "20231209-OusmaneIsmaelDiouf- NYCSchools";
			sourceTree = "<group>";
		};
		DA6FE35E2AB0EAB50016E376 /* Preview Content */ = {
			isa = PBXGroup;
			children = (
				DA6FE35F2AB0EAB50016E376 /* Preview Assets.xcassets */,
			);
			path = "Preview Content";
			sourceTree = "<group>";
		};
		DA6FE3682AB0EAB50016E376 /* 20231209-OusmaneIsmaelDiouf- NYCSchoolsTests */ = {
			isa = PBXGroup;
			children = (
				DA6FE3692AB0EAB50016E376 /* _0231209_OusmaneIsmaelDiouf__NYCSchoolsTests.swift */,
			);
			path = "20231209-OusmaneIsmaelDiouf- NYCSchoolsTests";
			sourceTree = "<group>";
		};
		DA6FE3722AB0EAB50016E376 /* 20231209-OusmaneIsmaelDiouf- NYCSchoolsUITests */ = {
			isa = PBXGroup;
			children = (
				DA6FE3732AB0EAB50016E376 /* _0231209_OusmaneIsmaelDiouf__NYCSchoolsUITests.swift */,
				DA6FE3752AB0EAB50016E376 /* _0231209_OusmaneIsmaelDiouf__NYCSchoolsUITestsLaunchTests.swift */,
			);
			path = "20231209-OusmaneIsmaelDiouf- NYCSchoolsUITests";
			sourceTree = "<group>";
		};
/* End PBXGroup section */

/* Begin PBXNativeTarget section */
		DA6FE3542AB0EAB10016E376 /* 20231209-OusmaneIsmaelDiouf- NYCSchools */ = {
			isa = PBXNativeTarget;
			buildConfigurationList = DA6FE3792AB0EAB50016E376 /* Build configuration list for PBXNativeTarget "20231209-OusmaneIsmaelDiouf- NYCSchools" */;
			buildPhases = (
				DA6FE3512AB0EAB10016E376 /* Sources */,
				DA6FE3522AB0EAB10016E376 /* Frameworks */,
				DA6FE3532AB0EAB10016E376 /* Resources */,
			);
			buildRules = (
			);
			dependencies = (
			);
			name = "20231209-OusmaneIsmaelDiouf- NYCSchools";
			productName = "20231209-OusmaneIsmaelDiouf- NYCSchools";
			productReference = DA6FE3552AB0EAB10016E376 /* 20231209-OusmaneIsmaelDiouf- NYCSchools.app */;
			productType = "com.apple.product-type.application";
		};
		DA6FE3642AB0EAB50016E376 /* 20231209-OusmaneIsmaelDiouf- NYCSchoolsTests */ = {
			isa = PBXNativeTarget;
			buildConfigurationList = DA6FE37C2AB0EAB50016E376 /* Build configuration list for PBXNativeTarget "20231209-OusmaneIsmaelDiouf- NYCSchoolsTests" */;
			buildPhases = (
				DA6FE3612AB0EAB50016E376 /* Sources */,
				DA6FE3622AB0EAB50016E376 /* Frameworks */,
				DA6FE3632AB0EAB50016E376 /* Resources */,
			);
			buildRules = (
			);
			dependencies = (
				DA6FE3672AB0EAB50016E376 /* PBXTargetDependency */,
			);
			name = "20231209-OusmaneIsmaelDiouf- NYCSchoolsTests";
			productName = "20231209-OusmaneIsmaelDiouf- NYCSchoolsTests";
			productReference = DA6FE3652AB0EAB50016E376 /* 20231209-OusmaneIsmaelDiouf- NYCSchoolsTests.xctest */;
			productType = "com.apple.product-type.bundle.unit-test";
		};
		DA6FE36E2AB0EAB50016E376 /* 20231209-OusmaneIsmaelDiouf- NYCSchoolsUITests */ = {
			isa = PBXNativeTarget;
			buildConfigurationList = DA6FE37F2AB0EAB50016E376 /* Build configuration list for PBXNativeTarget "20231209-OusmaneIsmaelDiouf- NYCSchoolsUITests" */;
			buildPhases = (
				DA6FE36B2AB0EAB50016E376 /* Sources */,
				DA6FE36C2AB0EAB50016E376 /* Frameworks */,
				DA6FE36D2AB0EAB50016E376 /* Resources */,
			);
			buildRules = (
			);
			dependencies = (
				DA6FE3712AB0EAB50016E376 /* PBXTargetDependency */,
			);
			name = "20231209-OusmaneIsmaelDiouf- NYCSchoolsUITests";
			productName = "20231209-OusmaneIsmaelDiouf- NYCSchoolsUITests";
			productReference = DA6FE36F2AB0EAB50016E376 /* 20231209-OusmaneIsmaelDiouf- NYCSchoolsUITests.xctest */;
			productType = "com.apple.product-type.bundle.ui-testing";
		};
/* End PBXNativeTarget section */

/* Begin PBXProject section */
		DA6FE34D2AB0EAB10016E376 /* Project object */ = {
			isa = PBXProject;
			attributes = {
				BuildIndependentTargetsInParallel = 1;
				LastSwiftUpdateCheck = 1420;
				LastUpgradeCheck = 1420;
				TargetAttributes = {
					DA6FE3542AB0EAB10016E376 = {
						CreatedOnToolsVersion = 14.2;
					};
					DA6FE3642AB0EAB50016E376 = {
						CreatedOnToolsVersion = 14.2;
						TestTargetID = DA6FE3542AB0EAB10016E376;
					};
					DA6FE36E2AB0EAB50016E376 = {
						CreatedOnToolsVersion = 14.2;
						TestTargetID = DA6FE3542AB0EAB10016E376;
					};
				};
			};
			buildConfigurationList = DA6FE3502AB0EAB10016E376 /* Build configuration list for PBXProject "20231209-OusmaneIsmaelDiouf- NYCSchools" */;
			compatibilityVersion = "Xcode 14.0";
			developmentRegion = en;
			hasScannedForEncodings = 0;
			knownRegions = (
				en,
				Base,
			);
			mainGroup = DA6FE34C2AB0EAB10016E376;
			productRefGroup = DA6FE3562AB0EAB10016E376 /* Products */;
			projectDirPath = "";
			projectRoot = "";
			targets = (
				DA6FE3542AB0EAB10016E376 /* 20231209-OusmaneIsmaelDiouf- NYCSchools */,
				DA6FE3642AB0EAB50016E376 /* 20231209-OusmaneIsmaelDiouf- NYCSchoolsTests */,
				DA6FE36E2AB0EAB50016E376 /* 20231209-OusmaneIsmaelDiouf- NYCSchoolsUITests */,
			);
		};
/* End PBXProject section */

/* Begin PBXResourcesBuildPhase section */
		DA6FE3532AB0EAB10016E376 /* Resources */ = {
			isa = PBXResourcesBuildPhase;
			buildActionMask = 2147483647;
			files = (
				DA6FE3602AB0EAB50016E376 /* Preview Assets.xcassets in Resources */,
				DA6FE35D2AB0EAB50016E376 /* Assets.xcassets in Resources */,
			);
			runOnlyForDeploymentPostprocessing = 0;
		};
		DA6FE3632AB0EAB50016E376 /* Resources */ = {
			isa = PBXResourcesBuildPhase;
			buildActionMask = 2147483647;
			files = (
			);
			runOnlyForDeploymentPostprocessing = 0;
		};
		DA6FE36D2AB0EAB50016E376 /* Resources */ = {
			isa = PBXResourcesBuildPhase;
			buildActionMask = 2147483647;
			files = (
			);
			runOnlyForDeploymentPostprocessing = 0;
		};
/* End PBXResourcesBuildPhase section */

/* Begin PBXSourcesBuildPhase section */
		DA6FE3512AB0EAB10016E376 /* Sources */ = {
			isa = PBXSourcesBuildPhase;
			buildActionMask = 2147483647;
			files = (
				DA6FE35B2AB0EAB10016E376 /* ContentView.swift in Sources */,
				DA6FE3592AB0EAB10016E376 /* _0231209_OusmaneIsmaelDiouf__NYCSchoolsApp.swift in Sources */,
			);
			runOnlyForDeploymentPostprocessing = 0;
		};
		DA6FE3612AB0EAB50016E376 /* Sources */ = {
			isa = PBXSourcesBuildPhase;
			buildActionMask = 2147483647;
			files = (
				DA6FE36A2AB0EAB50016E376 /* _0231209_OusmaneIsmaelDiouf__NYCSchoolsTests.swift in Sources */,
			);
			runOnlyForDeploymentPostprocessing = 0;
		};
		DA6FE36B2AB0EAB50016E376 /* Sources */ = {
			isa = PBXSourcesBuildPhase;
			buildActionMask = 2147483647;
			files = (
				DA6FE3742AB0EAB50016E376 /* _0231209_OusmaneIsmaelDiouf__NYCSchoolsUITests.swift in Sources */,
				DA6FE3762AB0EAB50016E376 /* _0231209_OusmaneIsmaelDiouf__NYCSchoolsUITestsLaunchTests.swift in Sources */,
			);
			runOnlyForDeploymentPostprocessing = 0;
		};
/* End PBXSourcesBuildPhase section */

/* Begin PBXTargetDependency section */
		DA6FE3672AB0EAB50016E376 /* PBXTargetDependency */ = {
			isa = PBXTargetDependency;
			target = DA6FE3542AB0EAB10016E376 /* 20231209-OusmaneIsmaelDiouf- NYCSchools */;
			targetProxy = DA6FE3662AB0EAB50016E376 /* PBXContainerItemProxy */;
		};
		DA6FE3712AB0EAB50016E376 /* PBXTargetDependency */ = {
			isa = PBXTargetDependency;
			target = DA6FE3542AB0EAB10016E376 /* 20231209-OusmaneIsmaelDiouf- NYCSchools */;
			targetProxy = DA6FE3702AB0EAB50016E376 /* PBXContainerItemProxy */;
		};
/* End PBXTargetDependency section */

/* Begin XCBuildConfiguration section */
		DA6FE3772AB0EAB50016E376 /* Debug */ = {
			isa = XCBuildConfiguration;
			buildSettings = {
				ALWAYS_SEARCH_USER_PATHS = NO;
				CLANG_ANALYZER_NONNULL = YES;
				CLANG_ANALYZER_NUMBER_OBJECT_CONVERSION = YES_AGGRESSIVE;
				CLANG_CXX_LANGUAGE_STANDARD = "gnu++20";
				CLANG_ENABLE_MODULES = YES;
				CLANG_ENABLE_OBJC_ARC = YES;
				CLANG_ENABLE_OBJC_WEAK = YES;
				CLANG_WARN_BLOCK_CAPTURE_AUTORELEASING = YES;
				CLANG_WARN_BOOL_CONVERSION = YES;
				CLANG_WARN_COMMA = YES;
				CLANG_WARN_CONSTANT_CONVERSION = YES;
				CLANG_WARN_DEPRECATED_OBJC_IMPLEMENTATIONS = YES;
				CLANG_WARN_DIRECT_OBJC_ISA_USAGE = YES_ERROR;
				CLANG_WARN_DOCUMENTATION_COMMENTS = YES;
				CLANG_WARN_EMPTY_BODY = YES;
				CLANG_WARN_ENUM_CONVERSION = YES;
				CLANG_WARN_INFINITE_RECURSION = YES;
				CLANG_WARN_INT_CONVERSION = YES;
				CLANG_WARN_NON_LITERAL_NULL_CONVERSION = YES;
				CLANG_WARN_OBJC_IMPLICIT_RETAIN_SELF = YES;
				CLANG_WARN_OBJC_LITERAL_CONVERSION = YES;
				CLANG_WARN_OBJC_ROOT_CLASS = YES_ERROR;
				CLANG_WARN_QUOTED_INCLUDE_IN_FRAMEWORK_HEADER = YES;
				CLANG_WARN_RANGE_LOOP_ANALYSIS = YES;
				CLANG_WARN_STRICT_PROTOTYPES = YES;
				CLANG_WARN_SUSPICIOUS_MOVE = YES;
				CLANG_WARN_UNGUARDED_AVAILABILITY = YES_AGGRESSIVE;
				CLANG_WARN_UNREACHABLE_CODE = YES;
				CLANG_WARN__DUPLICATE_METHOD_MATCH = YES;
				COPY_PHASE_STRIP = NO;
				DEBUG_INFORMATION_FORMAT = dwarf;
				ENABLE_STRICT_OBJC_MSGSEND = YES;
				ENABLE_TESTABILITY = YES;
				GCC_C_LANGUAGE_STANDARD = gnu11;
				GCC_DYNAMIC_NO_PIC = NO;
				GCC_NO_COMMON_BLOCKS = YES;
				GCC_OPTIMIZATION_LEVEL = 0;
				GCC_PREPROCESSOR_DEFINITIONS = (
					"DEBUG=1",
					"$(inherited)",
				);
				GCC_WARN_64_TO_32_BIT_CONVERSION = YES;
				GCC_WARN_ABOUT_RETURN_TYPE = YES_ERROR;
				GCC_WARN_UNDECLARED_SELECTOR = YES;
				GCC_WARN_UNINITIALIZED_AUTOS = YES_AGGRESSIVE;
				GCC_WARN_UNUSED_FUNCTION = YES;
				GCC_WARN_UNUSED_VARIABLE = YES;
				IPHONEOS_DEPLOYMENT_TARGET = 16.2;
				MTL_ENABLE_DEBUG_INFO = INCLUDE_SOURCE;
				MTL_FAST_MATH = YES;
				ONLY_ACTIVE_ARCH = YES;
				SDKROOT = iphoneos;
				SWIFT_ACTIVE_COMPILATION_CONDITIONS = DEBUG;
				SWIFT_OPTIMIZATION_LEVEL = "-Onone";
			};
			name = Debug;
		};
		DA6FE3782AB0EAB50016E376 /* Release */ = {
			isa = XCBuildConfiguration;
			buildSettings = {
				ALWAYS_SEARCH_USER_PATHS = NO;
				CLANG_ANALYZER_NONNULL = YES;
				CLANG_ANALYZER_NUMBER_OBJECT_CONVERSION = YES_AGGRESSIVE;
				CLANG_CXX_LANGUAGE_STANDARD = "gnu++20";
				CLANG_ENABLE_MODULES = YES;
				CLANG_ENABLE_OBJC_ARC = YES;
				CLANG_ENABLE_OBJC_WEAK = YES;
				CLANG_WARN_BLOCK_CAPTURE_AUTORELEASING = YES;
				CLANG_WARN_BOOL_CONVERSION = YES;
				CLANG_WARN_COMMA = YES;
				CLANG_WARN_CONSTANT_CONVERSION = YES;
				CLANG_WARN_DEPRECATED_OBJC_IMPLEMENTATIONS = YES;
				CLANG_WARN_DIRECT_OBJC_ISA_USAGE = YES_ERROR;
				CLANG_WARN_DOCUMENTATION_COMMENTS = YES;
				CLANG_WARN_EMPTY_BODY = YES;
				CLANG_WARN_ENUM_CONVERSION = YES;
				CLANG_WARN_INFINITE_RECURSION = YES;
				CLANG_WARN_INT_CONVERSION = YES;
				CLANG_WARN_NON_LITERAL_NULL_CONVERSION = YES;
				CLANG_WARN_OBJC_IMPLICIT_RETAIN_SELF = YES;
				CLANG_WARN_OBJC_LITERAL_CONVERSION = YES;
				CLANG_WARN_OBJC_ROOT_CLASS = YES_ERROR;
				CLANG_WARN_QUOTED_INCLUDE_IN_FRAMEWORK_HEADER = YES;
				CLANG_WARN_RANGE_LOOP_ANALYSIS = YES;
				CLANG_WARN_STRICT_PROTOTYPES = YES;
				CLANG_WARN_SUSPICIOUS_MOVE = YES;
				CLANG_WARN_UNGUARDED_AVAILABILITY = YES_AGGRESSIVE;
				CLANG_WARN_UNREACHABLE_CODE = YES;
				CLANG_WARN__DUPLICATE_METHOD_MATCH = YES;
				COPY_PHASE_STRIP = NO;
				DEBUG_INFORMATION_FORMAT = "dwarf-with-dsym";
				ENABLE_NS_ASSERTIONS = NO;
				ENABLE_STRICT_OBJC_MSGSEND = YES;
				GCC_C_LANGUAGE_STANDARD = gnu11;
				GCC_NO_COMMON_BLOCKS = YES;
				GCC_WARN_64_TO_32_BIT_CONVERSION = YES;
				GCC_WARN_ABOUT_RETURN_TYPE = YES_ERROR;
				GCC_WARN_UNDECLARED_SELECTOR = YES;
				GCC_WARN_UNINITIALIZED_AUTOS = YES_AGGRESSIVE;
				GCC_WARN_UNUSED_FUNCTION = YES;
				GCC_WARN_UNUSED_VARIABLE = YES;
				IPHONEOS_DEPLOYMENT_TARGET = 16.2;
				MTL_ENABLE_DEBUG_INFO = NO;
				MTL_FAST_MATH = YES;
				SDKROOT = iphoneos;
				SWIFT_COMPILATION_MODE = wholemodule;
				SWIFT_OPTIMIZATION_LEVEL = "-O";
				VALIDATE_PRODUCT = YES;
			};
			name = Release;
		};
		DA6FE37A2AB0EAB50016E376 /* Debug */ = {
			isa = XCBuildConfiguration;
			buildSettings = {
				ASSETCATALOG_COMPILER_APPICON_NAME = AppIcon;
				ASSETCATALOG_COMPILER_GLOBAL_ACCENT_COLOR_NAME = AccentColor;
				CODE_SIGN_STYLE = Automatic;
				CURRENT_PROJECT_VERSION = 1;
				DEVELOPMENT_ASSET_PATHS = "\"20231209-OusmaneIsmaelDiouf- NYCSchools/Preview Content\"";
				DEVELOPMENT_TEAM = GZX884X8HC;
				ENABLE_PREVIEWS = YES;
				GENERATE_INFOPLIST_FILE = YES;
				INFOPLIST_KEY_UIApplicationSceneManifest_Generation = YES;
				INFOPLIST_KEY_UIApplicationSupportsIndirectInputEvents = YES;
				INFOPLIST_KEY_UILaunchScreen_Generation = YES;
				INFOPLIST_KEY_UISupportedInterfaceOrientations_iPad = "UIInterfaceOrientationPortrait UIInterfaceOrientationPortraitUpsideDown UIInterfaceOrientationLandscapeLeft UIInterfaceOrientationLandscapeRight";
				INFOPLIST_KEY_UISupportedInterfaceOrientations_iPhone = "UIInterfaceOrientationPortrait UIInterfaceOrientationLandscapeLeft UIInterfaceOrientationLandscapeRight";
				LD_RUNPATH_SEARCH_PATHS = (
					"$(inherited)",
					"@executable_path/Frameworks",
				);
				MARKETING_VERSION = 1.0;
				PRODUCT_BUNDLE_IDENTIFIER = "Diouf-Ismael.-0231209-OusmaneIsmaelDiouf--NYCSchools";
				PRODUCT_NAME = "$(TARGET_NAME)";
				SWIFT_EMIT_LOC_STRINGS = YES;
				SWIFT_VERSION = 5.0;
				TARGETED_DEVICE_FAMILY = "1,2";
			};
			name = Debug;
		};
		DA6FE37B2AB0EAB50016E376 /* Release */ = {
			isa = XCBuildConfiguration;
			buildSettings = {
				ASSETCATALOG_COMPILER_APPICON_NAME = AppIcon;
				ASSETCATALOG_COMPILER_GLOBAL_ACCENT_COLOR_NAME = AccentColor;
				CODE_SIGN_STYLE = Automatic;
				CURRENT_PROJECT_VERSION = 1;
				DEVELOPMENT_ASSET_PATHS = "\"20231209-OusmaneIsmaelDiouf- NYCSchools/Preview Content\"";
				DEVELOPMENT_TEAM = GZX884X8HC;
				ENABLE_PREVIEWS = YES;
				GENERATE_INFOPLIST_FILE = YES;
				INFOPLIST_KEY_UIApplicationSceneManifest_Generation = YES;
				INFOPLIST_KEY_UIApplicationSupportsIndirectInputEvents = YES;
				INFOPLIST_KEY_UILaunchScreen_Generation = YES;
				INFOPLIST_KEY_UISupportedInterfaceOrientations_iPad = "UIInterfaceOrientationPortrait UIInterfaceOrientationPortraitUpsideDown UIInterfaceOrientationLandscapeLeft UIInterfaceOrientationLandscapeRight";
				INFOPLIST_KEY_UISupportedInterfaceOrientations_iPhone = "UIInterfaceOrientationPortrait UIInterfaceOrientationLandscapeLeft UIInterfaceOrientationLandscapeRight";
				LD_RUNPATH_SEARCH_PATHS = (
					"$(inherited)",
					"@executable_path/Frameworks",
				);
				MARKETING_VERSION = 1.0;
				PRODUCT_BUNDLE_IDENTIFIER = "Diouf-Ismael.-0231209-OusmaneIsmaelDiouf--NYCSchools";
				PRODUCT_NAME = "$(TARGET_NAME)";
				SWIFT_EMIT_LOC_STRINGS = YES;
				SWIFT_VERSION = 5.0;
				TARGETED_DEVICE_FAMILY = "1,2";
			};
			name = Release;
		};
		DA6FE37D2AB0EAB50016E376 /* Debug */ = {
			isa = XCBuildConfiguration;
			buildSettings = {
				ALWAYS_EMBED_SWIFT_STANDARD_LIBRARIES = YES;
				BUNDLE_LOADER = "$(TEST_HOST)";
				CODE_SIGN_STYLE = Automatic;
				CURRENT_PROJECT_VERSION = 1;
				DEVELOPMENT_TEAM = GZX884X8HC;
				GENERATE_INFOPLIST_FILE = YES;
				IPHONEOS_DEPLOYMENT_TARGET = 16.2;
				MARKETING_VERSION = 1.0;
				PRODUCT_BUNDLE_IDENTIFIER = "Diouf-Ismael.-0231209-OusmaneIsmaelDiouf--NYCSchoolsTests";
				PRODUCT_NAME = "$(TARGET_NAME)";
				SWIFT_EMIT_LOC_STRINGS = NO;
				SWIFT_VERSION = 5.0;
				TARGETED_DEVICE_FAMILY = "1,2";
				TEST_HOST = "$(BUILT_PRODUCTS_DIR)/20231209-OusmaneIsmaelDiouf- NYCSchools.app/$(BUNDLE_EXECUTABLE_FOLDER_PATH)/20231209-OusmaneIsmaelDiouf- NYCSchools";
			};
			name = Debug;
		};
		DA6FE37E2AB0EAB50016E376 /* Release */ = {
			isa = XCBuildConfiguration;
			buildSettings = {
				ALWAYS_EMBED_SWIFT_STANDARD_LIBRARIES = YES;
				BUNDLE_LOADER = "$(TEST_HOST)";
				CODE_SIGN_STYLE = Automatic;
				CURRENT_PROJECT_VERSION = 1;
				DEVELOPMENT_TEAM = GZX884X8HC;
				GENERATE_INFOPLIST_FILE = YES;
				IPHONEOS_DEPLOYMENT_TARGET = 16.2;
				MARKETING_VERSION = 1.0;
				PRODUCT_BUNDLE_IDENTIFIER = "Diouf-Ismael.-0231209-OusmaneIsmaelDiouf--NYCSchoolsTests";
				PRODUCT_NAME = "$(TARGET_NAME)";
				SWIFT_EMIT_LOC_STRINGS = NO;
				SWIFT_VERSION = 5.0;
				TARGETED_DEVICE_FAMILY = "1,2";
				TEST_HOST = "$(BUILT_PRODUCTS_DIR)/20231209-OusmaneIsmaelDiouf- NYCSchools.app/$(BUNDLE_EXECUTABLE_FOLDER_PATH)/20231209-OusmaneIsmaelDiouf- NYCSchools";
			};
			name = Release;
		};
		DA6FE3802AB0EAB50016E376 /* Debug */ = {
			isa = XCBuildConfiguration;
			buildSettings = {
				ALWAYS_EMBED_SWIFT_STANDARD_LIBRARIES = YES;
				CODE_SIGN_STYLE = Automatic;
				CURRENT_PROJECT_VERSION = 1;
				DEVELOPMENT_TEAM = GZX884X8HC;
				GENERATE_INFOPLIST_FILE = YES;
				MARKETING_VERSION = 1.0;
				PRODUCT_BUNDLE_IDENTIFIER = "Diouf-Ismael.-0231209-OusmaneIsmaelDiouf--NYCSchoolsUITests";
				PRODUCT_NAME = "$(TARGET_NAME)";
				SWIFT_EMIT_LOC_STRINGS = NO;
				SWIFT_VERSION = 5.0;
				TARGETED_DEVICE_FAMILY = "1,2";
				TEST_TARGET_NAME = "20231209-OusmaneIsmaelDiouf- NYCSchools";
			};
			name = Debug;
		};
		DA6FE3812AB0EAB50016E376 /* Release */ = {
			isa = XCBuildConfiguration;
			buildSettings = {
				ALWAYS_EMBED_SWIFT_STANDARD_LIBRARIES = YES;
				CODE_SIGN_STYLE = Automatic;
				CURRENT_PROJECT_VERSION = 1;
				DEVELOPMENT_TEAM = GZX884X8HC;
				GENERATE_INFOPLIST_FILE = YES;
				MARKETING_VERSION = 1.0;
				PRODUCT_BUNDLE_IDENTIFIER = "Diouf-Ismael.-0231209-OusmaneIsmaelDiouf--NYCSchoolsUITests";
				PRODUCT_NAME = "$(TARGET_NAME)";
				SWIFT_EMIT_LOC_STRINGS = NO;
				SWIFT_VERSION = 5.0;
				TARGETED_DEVICE_FAMILY = "1,2";
				TEST_TARGET_NAME = "20231209-OusmaneIsmaelDiouf- NYCSchools";
			};
			name = Release;
		};
/* End XCBuildConfiguration section */

/* Begin XCConfigurationList section */
		DA6FE3502AB0EAB10016E376 /* Build configuration list for PBXProject "20231209-OusmaneIsmaelDiouf- NYCSchools" */ = {
			isa = XCConfigurationList;
			buildConfigurations = (
				DA6FE3772AB0EAB50016E376 /* Debug */,
				DA6FE3782AB0EAB50016E376 /* Release */,
			);
			defaultConfigurationIsVisible = 0;
			defaultConfigurationName = Release;
		};
		DA6FE3792AB0EAB50016E376 /* Build configuration list for PBXNativeTarget "20231209-OusmaneIsmaelDiouf- NYCSchools" */ = {
			isa = XCConfigurationList;
			buildConfigurations = (
				DA6FE37A2AB0EAB50016E376 /* Debug */,
				DA6FE37B2AB0EAB50016E376 /* Release */,
			);
			defaultConfigurationIsVisible = 0;
			defaultConfigurationName = Release;
		};
		DA6FE37C2AB0EAB50016E376 /* Build configuration list for PBXNativeTarget "20231209-OusmaneIsmaelDiouf- NYCSchoolsTests" */ = {
			isa = XCConfigurationList;
			buildConfigurations = (
				DA6FE37D2AB0EAB50016E376 /* Debug */,
				DA6FE37E2AB0EAB50016E376 /* Release */,
			);
			defaultConfigurationIsVisible = 0;
			defaultConfigurationName = Release;
		};
		DA6FE37F2AB0EAB50016E376 /* Build configuration list for PBXNativeTarget "20231209-OusmaneIsmaelDiouf- NYCSchoolsUITests" */ = {
			isa = XCConfigurationList;
			buildConfigurations = (
				DA6FE3802AB0EAB50016E376 /* Debug */,
				DA6FE3812AB0EAB50016E376 /* Release */,
			);
			defaultConfigurationIsVisible = 0;
			defaultConfigurationName = Release;
		};
/* End XCConfigurationList section */
	};
	rootObject = DA6FE34D2AB0EAB10016E376 /* Project object */;
}
